
Microsoft Visual Studio Solution File, Format Version 12.00
# Visual Studio Version 17
VisualStudioVersion = 17.7.34031.279
MinimumVisualStudioVersion = 10.0.40219.1
Project("{FAE04EC0-301F-11D3-BF4B-00C04F79EFBC}") = "TestForQuiz", "TestForQuiz\TestForQuiz.csproj", "{6FA9B6EE-AA8A-4204-9BAB-14211AB97292}"
EndProject
Global
	GlobalSection(SolutionConfigurationPlatforms) = preSolution
		Debug|Any CPU = Debug|Any CPU
		Release|Any CPU = Release|Any CPU
	EndGlobalSection
	GlobalSection(ProjectConfigurationPlatforms) = postSolution
		{6FA9B6EE-AA8A-4204-9BAB-14211AB97292}.Debug|Any CPU.ActiveCfg = Debug|Any CPU
		{6FA9B6EE-AA8A-4204-9BAB-14211AB97292}.Debug|Any CPU.Build.0 = Debug|Any CPU
		{6FA9B6EE-AA8A-4204-9BAB-14211AB97292}.Release|Any CPU.ActiveCfg = Release|Any CPU
		{6FA9B6EE-AA8A-4204-9BAB-14211AB97292}.Release|Any CPU.Build.0 = Release|Any CPU
	EndGlobalSection
	GlobalSection(SolutionProperties) = preSolution
		HideSolutionNode = FALSE
	EndGlobalSection
	GlobalSection(ExtensibilityGlobals) = postSolution
		SolutionGuid = {A6E5C280-AF7E-4108-829B-3FB981F8423F}
	EndGlobalSection
EndGlobal
